
Microsoft Visual Studio Solution File, Format Version 12.00
# Visual Studio Version 17
VisualStudioVersion = 17.2.32616.157
MinimumVisualStudioVersion = 10.0.40219.1
Project("{8BC9CEB8-8B4A-11D0-8D11-00A0C91BC942}") = "密码本", "密码本\密码本.vcxproj", "{D31B045A-6CF7-4254-8F16-CEAE30A2D6FC}"
EndProject
Global
	GlobalSection(SolutionConfigurationPlatforms) = preSolution
		Debug|x64 = Debug|x64
		Debug|x86 = Debug|x86
		Release|x64 = Release|x64
		Release|x86 = Release|x86
	EndGlobalSection
	GlobalSection(ProjectConfigurationPlatforms) = postSolution
		{D31B045A-6CF7-4254-8F16-CEAE30A2D6FC}.Debug|x64.ActiveCfg = Debug|x64
		{D31B045A-6CF7-4254-8F16-CEAE30A2D6FC}.Debug|x64.Build.0 = Debug|x64
		{D31B045A-6CF7-4254-8F16-CEAE30A2D6FC}.Debug|x86.ActiveCfg = Debug|Win32
		{D31B045A-6CF7-4254-8F16-CEAE30A2D6FC}.Debug|x86.Build.0 = Debug|Win32
		{D31B045A-6CF7-4254-8F16-CEAE30A2D6FC}.Release|x64.ActiveCfg = Release|x64
		{D31B045A-6CF7-4254-8F16-CEAE30A2D6FC}.Release|x64.Build.0 = Release|x64
		{D31B045A-6CF7-4254-8F16-CEAE30A2D6FC}.Release|x86.ActiveCfg = Release|Win32
		{D31B045A-6CF7-4254-8F16-CEAE30A2D6FC}.Release|x86.Build.0 = Release|Win32
	EndGlobalSection
	GlobalSection(SolutionProperties) = preSolution
		HideSolutionNode = FALSE
	EndGlobalSection
	GlobalSection(ExtensibilityGlobals) = postSolution
		SolutionGuid = {D7A8A643-E08F-41A4-8055-FE2CE72652EF}
	EndGlobalSection
EndGlobal
